# Generated by conda-lock.
# platform: linux-64
# input_hash: 6ba5d2285fd9f9f62766ba3b282aada1495df3cb147ddd7075e87904eb8c4100
@EXPLICIT
https://conda.anaconda.org/conda-forge/linux-64/_libgcc_mutex-0.1-conda_forge.tar.bz2#d7c89558ba9fa0495403155b64376d81
https://conda.anaconda.org/conda-forge/noarch/python_abi-3.11-8_cp311.conda#8fcb6b0e2161850556231336dae58358
https://conda.anaconda.org/conda-forge/noarch/tzdata-2025b-h78e105d_0.conda#4222072737ccff51314b5ece9c7d6f5a
https://conda.anaconda.org/conda-forge/noarch/ca-certificates-2025.11.12-hbd8a1cb_0.conda#f0991f0f84902f6b6009b4d2350a83aa
https://conda.anaconda.org/conda-forge/linux-64/libgomp-15.2.0-he0feb66_13.conda#5bbcaf03898d70f9592a7cd3d2ff7e28
https://conda.anaconda.org/conda-forge/linux-64/_openmp_mutex-4.5-2_gnu.tar.bz2#73aaf86a425cc6e73fcf236a5a46396d
https://conda.anaconda.org/conda-forge/linux-64/libgcc-15.2.0-he0feb66_13.conda#efdcbfd0069c808d48e6719f89c92e52
https://conda.anaconda.org/conda-forge/linux-64/bzip2-1.0.8-hda65f42_8.conda#51a19bba1b8ebfb60df25cde030b7ebc
https://conda.anaconda.org/conda-forge/linux-64/keyutils-1.6.3-hb9d3cd8_0.conda#b38117a3c920364aff79f870c984b4a3
https://conda.anaconda.org/conda-forge/linux-64/libexpat-2.7.3-hecca717_0.conda#8b09ae86839581147ef2e5c5e229d164
https://conda.anaconda.org/conda-forge/linux-64/libffi-3.5.2-h9ec8514_0.conda#35f29eec58405aaf55e01cb470d8c26a
https://conda.anaconda.org/conda-forge/linux-64/libgcc-ng-15.2.0-h69a702a_13.conda#f1a67aa7f282dbb755dc8a86246989d3
https://conda.anaconda.org/conda-forge/linux-64/libgfortran5-15.2.0-h68bc16d_13.conda#f5cd1c419503abab5196946dd9e7d99c
https://conda.anaconda.org/conda-forge/linux-64/liblzma-5.8.1-hb9d3cd8_2.conda#1a580f7796c7bf6393fddb8bbbde58dc
https://conda.anaconda.org/conda-forge/linux-64/libnsl-2.0.1-hb9d3cd8_1.conda#d864d34357c3b65a4b731f78c0801dc4
https://conda.anaconda.org/conda-forge/linux-64/libstdcxx-15.2.0-h934c35e_13.conda#b98186396f799a0c15d5171f39f8b151
https://conda.anaconda.org/conda-forge/linux-64/libuuid-2.41.2-he9a06e4_0.conda#80c07c68d2f6870250959dcc95b209d1
https://conda.anaconda.org/conda-forge/linux-64/libzlib-1.3.1-hb9d3cd8_2.conda#edb0dca6bc32e4f4789199455a1dbeb8
https://conda.anaconda.org/conda-forge/linux-64/ncurses-6.5-h2d0b736_3.conda#47e340acb35de30501a76c7c799c41d7
https://conda.anaconda.org/conda-forge/linux-64/openssl-3.6.0-h26f9b46_0.conda#9ee58d5c534af06558933af3c845a780
https://conda.anaconda.org/conda-forge/linux-64/libedit-3.1.20250104-pl5321h7949ede_0.conda#c277e0a4d549b03ac1e9d6cbbe3d017b
https://conda.anaconda.org/conda-forge/linux-64/libgfortran-15.2.0-h69a702a_13.conda#0d1067fda8911da519d7fc15bced6e3e
https://conda.anaconda.org/conda-forge/linux-64/libsodium-1.0.20-h4ab18f5_0.conda#a587892d3c13b6621a6091be690dbca2
https://conda.anaconda.org/conda-forge/linux-64/libstdcxx-ng-15.2.0-hdf11a46_13.conda#64638ce314654548491c21abde2ff8ad
https://conda.anaconda.org/conda-forge/linux-64/libxcrypt-4.4.36-hd590300_1.conda#5aa797f8787fe7a17d1b0821485b5adc
https://conda.anaconda.org/conda-forge/linux-64/readline-8.2-h8c095d6_2.conda#283b96675859b20a825f8fa30f311446
https://conda.anaconda.org/conda-forge/linux-64/tk-8.6.13-noxft_ha0e22de_103.conda#86bc20552bf46075e3d92b67f089172d
https://conda.anaconda.org/conda-forge/linux-64/zstd-1.5.7-hb8e6e7a_2.conda#6432cb5d4ac0046c3ac0a8a0f95842f9
https://conda.anaconda.org/conda-forge/linux-64/icu-75.1-he02047a_0.conda#8b189310083baabfb622af68fd9d3ae3
https://conda.anaconda.org/conda-forge/linux-64/krb5-1.21.3-h659f571_0.conda#3f43953b7d3fb3aaa1d0d0723d91e368
https://conda.anaconda.org/conda-forge/linux-64/ld_impl_linux-64-2.45-default_hbd61a6d_104.conda#a6abd2796fc332536735f68ba23f7901
https://conda.anaconda.org/conda-forge/linux-64/libopenblas-0.3.30-pthreads_h94d23a6_4.conda#be43915efc66345cccb3c310b6ed0374
https://conda.anaconda.org/conda-forge/linux-64/libblas-3.11.0-2_h4a7cf45_openblas.conda#6146bf1b7f58113d54614c6ec683c14a
https://conda.anaconda.org/conda-forge/linux-64/libsqlite-3.51.0-hee844dc_0.conda#729a572a3ebb8c43933b30edcc628ceb
https://conda.anaconda.org/conda-forge/linux-64/zeromq-4.3.5-h387f397_9.conda#8035e5b54c08429354d5d64027041cad
https://conda.anaconda.org/conda-forge/linux-64/libcblas-3.11.0-2_h0358290_openblas.conda#a84b2b7ed34206d14739fb8d29cd2799
https://conda.anaconda.org/conda-forge/linux-64/liblapack-3.11.0-2_h47877c9_openblas.conda#9fb20e74a7436dc94dd39d9a9decddc3
https://conda.anaconda.org/conda-forge/linux-64/python-3.11.14-hd63d673_2_cpython.conda#c4202a55b4486314fbb8c11bc43a29a0
https://conda.anaconda.org/conda-forge/noarch/asttokens-3.0.1-pyhd8ed1ab_0.conda#9673a61a297b00016442e022d689faa6
https://conda.anaconda.org/conda-forge/noarch/comm-0.2.3-pyhe01879c_0.conda#2da13f2b299d8e1995bafbbe9689a2f7
https://conda.anaconda.org/conda-forge/linux-64/debugpy-1.8.17-py311hc665b79_0.conda#af20efc4f52675e7ce9a3e3ed8447fbb
https://conda.anaconda.org/conda-forge/noarch/decorator-5.2.1-pyhd8ed1ab_0.conda#9ce473d1d1be1cc3810856a48b3fab32
https://conda.anaconda.org/conda-forge/noarch/executing-2.2.1-pyhd8ed1ab_0.conda#ff9efb7f7469aed3c4a8106ffa29593c
https://conda.anaconda.org/conda-forge/noarch/nest-asyncio-1.6.0-pyhd8ed1ab_1.conda#598fd7d4d0de2455fb74f56063969a97
https://conda.anaconda.org/conda-forge/linux-64/numpy-1.26.4-py311h64a7726_0.conda#a502d7aad449a1206efb366d6a12c52d
https://conda.anaconda.org/conda-forge/noarch/packaging-25.0-pyh29332c3_1.conda#58335b26c38bf4a20f399384c33cbcf9
https://conda.anaconda.org/conda-forge/noarch/parso-0.8.5-pyhcf101f3_0.conda#a110716cdb11cf51482ff4000dc253d7
https://conda.anaconda.org/conda-forge/noarch/platformdirs-4.5.0-pyhcf101f3_0.conda#5c7a868f8241e64e1cf5fdf4962f23e2
https://conda.anaconda.org/conda-forge/linux-64/psutil-7.1.3-py311haee01d2_0.conda#2092b7977bc8e05eb17a1048724593a4
https://conda.anaconda.org/conda-forge/noarch/ptyprocess-0.7.0-pyhd8ed1ab_1.conda#7d9daffbb8d8e0af0f769dbbcd173a54
https://conda.anaconda.org/conda-forge/noarch/pure_eval-0.2.3-pyhd8ed1ab_1.conda#3bfdfb8dbcdc4af1ae3f9a8eb3948f04
https://conda.anaconda.org/conda-forge/noarch/pygments-2.19.2-pyhd8ed1ab_0.conda#6b6ece66ebcae2d5f326c77ef2c5a066
https://conda.anaconda.org/conda-forge/noarch/python-tzdata-2025.2-pyhd8ed1ab_0.conda#88476ae6ebd24f39261e0854ac244f33
https://conda.anaconda.org/conda-forge/noarch/pytz-2025.2-pyhd8ed1ab_0.conda#bc8e3267d44011051f2eb14d22fb0960
https://conda.anaconda.org/conda-forge/linux-64/pyzmq-27.1.0-py311h2315fbb_0.conda#6c87a0f4566469af3585b11d89163fd7
https://conda.anaconda.org/conda-forge/noarch/setuptools-80.9.0-pyhff2d567_0.conda#4de79c071274a53dcaf2a8c749d1499e
https://conda.anaconda.org/conda-forge/noarch/six-1.17.0-pyhe01879c_1.conda#3339e3b65d58accf4ca4fb8748ab16b3
https://conda.anaconda.org/conda-forge/linux-64/tornado-6.5.2-py311h49ec1c0_2.conda#8d7a63fc9653ed0bdc253a51d9a5c371
https://conda.anaconda.org/conda-forge/noarch/traitlets-5.14.3-pyhd8ed1ab_1.conda#019a7385be9af33791c989871317e1ed
https://conda.anaconda.org/conda-forge/noarch/typing_extensions-4.15.0-pyhcf101f3_0.conda#0caa1af407ecff61170c9437a808404d
https://conda.anaconda.org/conda-forge/noarch/wcwidth-0.2.14-pyhd8ed1ab_0.conda#7e1e5ff31239f9cd5855714df8a3783d
https://conda.anaconda.org/conda-forge/noarch/wheel-0.45.1-pyhd8ed1ab_1.conda#75cb7132eb58d97896e173ef12ac9986
https://conda.anaconda.org/conda-forge/noarch/zipp-3.23.0-pyhd8ed1ab_0.conda#df5e78d904988eb55042c0c97446079f
https://conda.anaconda.org/conda-forge/noarch/importlib-metadata-8.7.0-pyhe01879c_1.conda#63ccfdc3a3ce25b027b8767eb722fca8
https://conda.anaconda.org/conda-forge/noarch/ipython_pygments_lexers-1.1.1-pyhd8ed1ab_0.conda#bd80ba060603cc228d9d81c257093119
https://conda.anaconda.org/conda-forge/noarch/jedi-0.19.2-pyhd8ed1ab_1.conda#a4f4c5dc9b80bc50e0d3dc4e6e8f1bd9
https://conda.anaconda.org/conda-forge/noarch/jupyter_core-5.9.1-pyhc90fa1f_0.conda#b38fe4e78ee75def7e599843ef4c1ab0
https://conda.anaconda.org/conda-forge/noarch/matplotlib-inline-0.2.1-pyhd8ed1ab_0.conda#00e120ce3e40bad7bfc78861ce3c4a25
https://conda.anaconda.org/conda-forge/noarch/pexpect-4.9.0-pyhd8ed1ab_1.conda#d0d408b1f18883a944376da5cf8101ea
https://conda.anaconda.org/conda-forge/noarch/pip-25.3-pyh8b19718_0.conda#c55515ca43c6444d2572e0f0d93cb6b9
https://conda.anaconda.org/conda-forge/noarch/prompt-toolkit-3.0.52-pyha770c72_0.conda#edb16f14d920fb3faf17f5ce582942d6
https://conda.anaconda.org/conda-forge/noarch/python-dateutil-2.9.0.post0-pyhe01879c_2.conda#5b8d21249ff20967101ffa321cab24e8
https://conda.anaconda.org/conda-forge/noarch/stack_data-0.6.3-pyhd8ed1ab_1.conda#b1b505328da7a6b246787df4b5a49fbc
https://conda.anaconda.org/conda-forge/noarch/ipython-9.7.0-pyh53cf698_0.conda#2d6b86a2e11b8cb2f20a432158ef10b9
https://conda.anaconda.org/conda-forge/noarch/jupyter_client-8.6.3-pyhd8ed1ab_1.conda#4ebae00eae9705b0c3d6d1018a81d047
https://conda.anaconda.org/conda-forge/linux-64/pandas-2.1.4-py311h320fe9a_0.conda#e44ccb61b6621bf3f8053ae66eba7397
https://conda.anaconda.org/conda-forge/noarch/ipykernel-7.1.0-pyha191276_0.conda#c6f63cfe66adaa5650788e3106b6683a
